
Microsoft Visual Studio Solution File, Format Version 12.00
# Visual Studio Version 16
VisualStudioVersion = 16.0.31205.134
MinimumVisualStudioVersion = 10.0.40219.1
Project("{FAE04EC0-301F-11D3-BF4B-00C04F79EFBC}") = "tg", "tg\tg.csproj", "{B0D17F82-587A-419C-9F38-4CB680D2BE41}"
EndProject
Global
	GlobalSection(SolutionConfigurationPlatforms) = preSolution
		Debug|Any CPU = Debug|Any CPU
		Release|Any CPU = Release|Any CPU
	EndGlobalSection
	GlobalSection(ProjectConfigurationPlatforms) = postSolution
		{B0D17F82-587A-419C-9F38-4CB680D2BE41}.Debug|Any CPU.ActiveCfg = Debug|Any CPU
		{B0D17F82-587A-419C-9F38-4CB680D2BE41}.Debug|Any CPU.Build.0 = Debug|Any CPU
		{B0D17F82-587A-419C-9F38-4CB680D2BE41}.Release|Any CPU.ActiveCfg = Release|Any CPU
		{B0D17F82-587A-419C-9F38-4CB680D2BE41}.Release|Any CPU.Build.0 = Release|Any CPU
	EndGlobalSection
	GlobalSection(SolutionProperties) = preSolution
		HideSolutionNode = FALSE
	EndGlobalSection
	GlobalSection(ExtensibilityGlobals) = postSolution
		SolutionGuid = {14012166-638D-4502-A965-E1E6C2C12563}
	EndGlobalSection
EndGlobal
